<?xml version="1.0" encoding="utf-8"?>
<Project ToolsVersion="14.0" xmlns="http://schemas.microsoft.com/developer/msbuild/2003">
  <ItemGroup>
    <CustomBuild Include="C:\Users\aweso\Desktop\StudentMangement\vs2015\CMakeFiles\55c0d3c0de4d582ff5f7c32b5ba5f8d3\generate.stamp.rule">
      <Filter>CMake Rules</Filter>
    </CustomBuild>
  </ItemGroup>
  <ItemGroup>
    <Filter Include="CMake Rules">
      <UniqueIdentifier>{34C1DA76-A315-3EF2-AE16-7FCFFFC74083}</UniqueIdentifier>
    </Filter>
  </ItemGroup>
</Project>
